// !$*UTF8*$!
{
	archiveVersion = 1;
	classes = {
	};
	objectVersion = 46;
	objects = {

/* Begin PBXBuildFile section */
		55E6EA301DED14660055B1AA /* AppDelegate.swift in Sources */ = {isa = PBXBuildFile; fileRef = 55E6EA2F1DED14660055B1AA /* AppDelegate.swift */; };
		55E6EA321DED14660055B1AA /* ViewController.swift in Sources */ = {isa = PBXBuildFile; fileRef = 55E6EA311DED14660055B1AA /* ViewController.swift */; };
		55E6EA351DED14660055B1AA /* Main.storyboard in Resources */ = {isa = PBXBuildFile; fileRef = 55E6EA331DED14660055B1AA /* Main.storyboard */; };
		55E6EA371DED14660055B1AA /* Assets.xcassets in Resources */ = {isa = PBXBuildFile; fileRef = 55E6EA361DED14660055B1AA /* Assets.xcassets */; };
		55E6EA3A1DED14660055B1AA /* LaunchScreen.storyboard in Resources */ = {isa = PBXBuildFile; fileRef = 55E6EA381DED14660055B1AA /* LaunchScreen.storyboard */; };
		55E6EA421DED148F0055B1AA /* CanSpeak.swift in Sources */ = {isa = PBXBuildFile; fileRef = 55E6EA411DED148F0055B1AA /* CanSpeak.swift */; };
/* End PBXBuildFile section */

/* Begin PBXFileReference section */
		55E6EA2C1DED14660055B1AA /* DelegateExample.app */ = {isa = PBXFileReference; explicitFileType = wrapper.application; includeInIndex = 0; path = DelegateExample.app; sourceTree = BUILT_PRODUCTS_DIR; };
		55E6EA2F1DED14660055B1AA /* AppDelegate.swift */ = {isa = PBXFileReference; lastKnownFileType = sourcecode.swift; lineEnding = 0; path = AppDelegate.swift; sourceTree = "<group>"; xcLanguageSpecificationIdentifier = xcode.lang.swift; };
		55E6EA311DED14660055B1AA /* ViewController.swift */ = {isa = PBXFileReference; lastKnownFileType = sourcecode.swift; lineEnding = 0; path = ViewController.swift; sourceTree = "<group>"; xcLanguageSpecificationIdentifier = xcode.lang.swift; };
		55E6EA341DED14660055B1AA /* Base */ = {isa = PBXFileReference; lastKnownFileType = file.storyboard; name = Base; path = Base.lproj/Main.storyboard; sourceTree = "<group>"; };
		55E6EA361DED14660055B1AA /* Assets.xcassets */ = {isa = PBXFileReference; lastKnownFileType = folder.assetcatalog; path = Assets.xcassets; sourceTree = "<group>"; };
		55E6EA391DED14660055B1AA /* Base */ = {isa = PBXFileReference; lastKnownFileType = file.storyboard; name = Base; path = Base.lproj/LaunchScreen.storyboard; sourceTree = "<group>"; };
		55E6EA3B1DED14660055B1AA /* Info.plist */ = {isa = PBXFileReference; lastKnownFileType = text.plist.xml; path = Info.plist; sourceTree = "<group>"; };
		55E6EA411DED148F0055B1AA /* CanSpeak.swift */ = {isa = PBXFileReference; fileEncoding = 4; lastKnownFileType = sourcecode.swift; lineEnding = 0; path = CanSpeak.swift; sourceTree = "<group>"; xcLanguageSpecificationIdentifier = xcode.lang.swift; };
/* End PBXFileReference section */

/* Begin PBXFrameworksBuildPhase section */
		55E6EA291DED14660055B1AA /* Frameworks */ = {
			isa = PBXFrameworksBuildPhase;
			buildActionMask = 2147483647;
			files = (
			);
			runOnlyForDeploymentPostprocessing = 0;
		};
/* End PBXFrameworksBuildPhase section */

/* Begin PBXGroup section */
		55E6EA231DED14660055B1AA = {
			isa = PBXGroup;
			children = (
				55E6EA2E1DED14660055B1AA /* DeleteMe */,
				55E6EA2D1DED14660055B1AA /* Products */,
			);
			sourceTree = "<group>";
		};
		55E6EA2D1DED14660055B1AA /* Products */ = {
			isa = PBXGroup;
			children = (
				55E6EA2C1DED14660055B1AA /* DelegateExample.app */,
			);
			name = Products;
			sourceTree = "<group>";
		};
		55E6EA2E1DED14660055B1AA /* DeleteMe */ = {
			isa = PBXGroup;
			children = (
				55E6EA2F1DED14660055B1AA /* AppDelegate.swift */,
				55E6EA311DED14660055B1AA /* ViewController.swift */,
				55E6EA411DED148F0055B1AA /* CanSpeak.swift */,
				55E6EA331DED14660055B1AA /* Main.storyboard */,
				55E6EA361DED14660055B1AA /* Assets.xcassets */,
				55E6EA381DED14660055B1AA /* LaunchScreen.storyboard */,
				55E6EA3B1DED14660055B1AA /* Info.plist */,
			);
			path = DeleteMe;
			sourceTree = "<group>";
		};
/* End PBXGroup section */

/* Begin PBXNativeTarget section */
		55E6EA2B1DED14660055B1AA /* DelegateExample */ = {
			isa = PBXNativeTarget;
			buildConfigurationList = 55E6EA3E1DED14660055B1AA /* Build configuration list for PBXNativeTarget "DelegateExample" */;
			buildPhases = (
				55E6EA281DED14660055B1AA /* Sources */,
				55E6EA291DED14660055B1AA /* Frameworks */,
				55E6EA2A1DED14660055B1AA /* Resources */,
			);
			buildRules = (
			);
			dependencies = (
			);
			name = DelegateExample;
			productName = DeleteMe;
			productReference = 55E6EA2C1DED14660055B1AA /* DelegateExample.app */;
			productType = "com.apple.product-type.application";
		};
/* End PBXNativeTarget section */

/* Begin PBXProject section */
		55E6EA241DED14660055B1AA /* Project object */ = {
			isa = PBXProject;
			attributes = {
				LastSwiftUpdateCheck = 0810;
				LastUpgradeCheck = 0810;
				ORGANIZATIONNAME = Adrian;
				TargetAttributes = {
					55E6EA2B1DED14660055B1AA = {
						CreatedOnToolsVersion = 8.1;
						DevelopmentTeam = A983637AY3;
						ProvisioningStyle = Automatic;
					};
				};
			};
			buildConfigurationList = 55E6EA271DED14660055B1AA /* Build configuration list for PBXProject "DelegateExample" */;
			compatibilityVersion = "Xcode 3.2";
			developmentRegion = English;
			hasScannedForEncodings = 0;
			knownRegions = (
				en,
				Base,
			);
			mainGroup = 55E6EA231DED14660055B1AA;
			productRefGroup = 55E6EA2D1DED14660055B1AA /* Products */;
			projectDirPath = "";
			projectRoot = "";
			targets = (
				55E6EA2B1DED14660055B1AA /* DelegateExample */,
			);
		};
/* End PBXProject section */

/* Begin PBXResourcesBuildPhase section */
		55E6EA2A1DED14660055B1AA /* Resources */ = {
			isa = PBXResourcesBuildPhase;
			buildActionMask = 2147483647;
			files = (
				55E6EA3A1DED14660055B1AA /* LaunchScreen.storyboard in Resources */,
				55E6EA371DED14660055B1AA /* Assets.xcassets in Resources */,
				55E6EA351DED14660055B1AA /* Main.storyboard in Resources */,
			);
			runOnlyForDeploymentPostprocessing = 0;
		};
/* End PBXResourcesBuildPhase section */

/* Begin PBXSourcesBuildPhase section */
		55E6EA281DED14660055B1AA /* Sources */ = {
			isa = PBXSourcesBuildPhase;
			buildActionMask = 2147483647;
			files = (
				55E6EA321DED14660055B1AA /* ViewController.swift in Sources */,
				55E6EA301DED14660055B1AA /* AppDelegate.swift in Sources */,
				55E6EA421DED148F0055B1AA /* CanSpeak.swift in Sources */,
			);
			runOnlyForDeploymentPostprocessing = 0;
		};
/* End PBXSourcesBuildPhase section */

/* Begin PBXVariantGroup section */
		55E6EA331DED14660055B1AA /* Main.storyboard */ = {
			isa = PBXVariantGroup;
			children = (
				55E6EA341DED14660055B1AA /* Base */,
			);
			name = Main.storyboard;
			sourceTree = "<group>";
		};
		55E6EA381DED14660055B1AA /* LaunchScreen.storyboard */ = {
			isa = PBXVariantGroup;
			children = (
				55E6EA391DED14660055B1AA /* Base */,
			);
			name = LaunchScreen.storyboard;
			sourceTree = "<group>";
		};
/* End PBXVariantGroup section */

/* Begin XCBuildConfiguration section */
		55E6EA3C1DED14660055B1AA /* Debug */ = {
			isa = XCBuildConfiguration;
			buildSettings = {
				ALWAYS_SEARCH_USER_PATHS = NO;
				CLANG_ANALYZER_NONNULL = YES;
				CLANG_CXX_LANGUAGE_STANDARD = "gnu++0x";
				CLANG_CXX_LIBRARY = "libc++";
				CLANG_ENABLE_MODULES = YES;
				CLANG_ENABLE_OBJC_ARC = YES;
				CLANG_WARN_BOOL_CONVERSION = YES;
				CLANG_WARN_CONSTANT_CONVERSION = YES;
				CLANG_WARN_DIRECT_OBJC_ISA_USAGE = YES_ERROR;
				CLANG_WARN_DOCUMENTATION_COMMENTS = YES;
				CLANG_WARN_EMPTY_BODY = YES;
				CLANG_WARN_ENUM_CONVERSION = YES;
				CLANG_WARN_INFINITE_RECURSION = YES;
				CLANG_WARN_INT_CONVERSION = YES;
				CLANG_WARN_OBJC_ROOT_CLASS = YES_ERROR;
				CLANG_WARN_SUSPICIOUS_MOVES = YES;
				CLANG_WARN_UNREACHABLE_CODE = YES;
				CLANG_WARN__DUPLICATE_METHOD_MATCH = YES;
				"CODE_SIGN_IDENTITY[sdk=iphoneos*]" = "iPhone Developer";
				COPY_PHASE_STRIP = NO;
				DEBUG_INFORMATION_FORMAT = dwarf;
				ENABLE_STRICT_OBJC_MSGSEND = YES;
				ENABLE_TESTABILITY = YES;
				GCC_C_LANGUAGE_STANDARD = gnu99;
				GCC_DYNAMIC_NO_PIC = NO;
				GCC_NO_COMMON_BLOCKS = YES;
				GCC_OPTIMIZATION_LEVEL = 0;
				GCC_PREPROCESSOR_DEFINITIONS = (
					"DEBUG=1",
					"$(inherited)",
				);
				GCC_WARN_64_TO_32_BIT_CONVERSION = YES;
				GCC_WARN_ABOUT_RETURN_TYPE = YES_ERROR;
				GCC_WARN_UNDECLARED_SELECTOR = YES;
				GCC_WARN_UNINITIALIZED_AUTOS = YES_AGGRESSIVE;
				GCC_WARN_UNUSED_FUNCTION = YES;
				GCC_WARN_UNUSED_VARIABLE = YES;
				IPHONEOS_DEPLOYMENT_TARGET = 10.1;
				MTL_ENABLE_DEBUG_INFO = YES;
				ONLY_ACTIVE_ARCH = YES;
				SDKROOT = iphoneos;
				SWIFT_ACTIVE_COMPILATION_CONDITIONS = DEBUG;
				SWIFT_OPTIMIZATION_LEVEL = "-Onone";
				TARGETED_DEVICE_FAMILY = "1,2";
			};
			name = Debug;
		};
		55E6EA3D1DED14660055B1AA /* Release */ = {
			isa = XCBuildConfiguration;
			buildSettings = {
				ALWAYS_SEARCH_USER_PATHS = NO;
				CLANG_ANALYZER_NONNULL = YES;
				CLANG_CXX_LANGUAGE_STANDARD = "gnu++0x";
				CLANG_CXX_LIBRARY = "libc++";
				CLANG_ENABLE_MODULES = YES;
				CLANG_ENABLE_OBJC_ARC = YES;
				CLANG_WARN_BOOL_CONVERSION = YES;
				CLANG_WARN_CONSTANT_CONVERSION = YES;
				CLANG_WARN_DIRECT_OBJC_ISA_USAGE = YES_ERROR;
				CLANG_WARN_DOCUMENTATION_COMMENTS = YES;
				CLANG_WARN_EMPTY_BODY = YES;
				CLANG_WARN_ENUM_CONVERSION = YES;
				CLANG_WARN_INFINITE_RECURSION = YES;
				CLANG_WARN_INT_CONVERSION = YES;
				CLANG_WARN_OBJC_ROOT_CLASS = YES_ERROR;
				CLANG_WARN_SUSPICIOUS_MOVES = YES;
				CLANG_WARN_UNREACHABLE_CODE = YES;
				CLANG_WARN__DUPLICATE_METHOD_MATCH = YES;
				"CODE_SIGN_IDENTITY[sdk=iphoneos*]" = "iPhone Developer";
				COPY_PHASE_STRIP = NO;
				DEBUG_INFORMATION_FORMAT = "dwarf-with-dsym";
				ENABLE_NS_ASSERTIONS = NO;
				ENABLE_STRICT_OBJC_MSGSEND = YES;
				GCC_C_LANGUAGE_STANDARD = gnu99;
				GCC_NO_COMMON_BLOCKS = YES;
				GCC_WARN_64_TO_32_BIT_CONVERSION = YES;
				GCC_WARN_ABOUT_RETURN_TYPE = YES_ERROR;
				GCC_WARN_UNDECLARED_SELECTOR = YES;
				GCC_WARN_UNINITIALIZED_AUTOS = YES_AGGRESSIVE;
				GCC_WARN_UNUSED_FUNCTION = YES;
				GCC_WARN_UNUSED_VARIABLE = YES;
				IPHONEOS_DEPLOYMENT_TARGET = 10.1;
				MTL_ENABLE_DEBUG_INFO = NO;
				SDKROOT = iphoneos;
				SWIFT_OPTIMIZATION_LEVEL = "-Owholemodule";
				TARGETED_DEVICE_FAMILY = "1,2";
				VALIDATE_PRODUCT = YES;
			};
			name = Release;
		};
		55E6EA3F1DED14660055B1AA /* Debug */ = {
			isa = XCBuildConfiguration;
			buildSettings = {
				ASSETCATALOG_COMPILER_APPICON_NAME = AppIcon;
				DEVELOPMENT_TEAM = A983637AY3;
				INFOPLIST_FILE = DeleteMe/Info.plist;
				LD_RUNPATH_SEARCH_PATHS = "$(inherited) @executable_path/Frameworks";
				PRODUCT_BUNDLE_IDENTIFIER = com.adrian.DelegateExample;
				PRODUCT_NAME = "$(TARGET_NAME)";
				SWIFT_VERSION = 3.0;
			};
			name = Debug;
		};
		55E6EA401DED14660055B1AA /* Release */ = {
			isa = XCBuildConfiguration;
			buildSettings = {
				ASSETCATALOG_COMPILER_APPICON_NAME = AppIcon;
				DEVELOPMENT_TEAM = A983637AY3;
				INFOPLIST_FILE = DeleteMe/Info.plist;
				LD_RUNPATH_SEARCH_PATHS = "$(inherited) @executable_path/Frameworks";
				PRODUCT_BUNDLE_IDENTIFIER = com.adrian.DelegateExample;
				PRODUCT_NAME = "$(TARGET_NAME)";
				SWIFT_VERSION = 3.0;
			};
			name = Release;
		};
/* End XCBuildConfiguration section */

/* Begin XCConfigurationList section */
		55E6EA271DED14660055B1AA /* Build configuration list for PBXProject "DelegateExample" */ = {
			isa = XCConfigurationList;
			buildConfigurations = (
				55E6EA3C1DED14660055B1AA /* Debug */,
				55E6EA3D1DED14660055B1AA /* Release */,
			);
			defaultConfigurationIsVisible = 0;
			defaultConfigurationName = Release;
		};
		55E6EA3E1DED14660055B1AA /* Build configuration list for PBXNativeTarget "DelegateExample" */ = {
			isa = XCConfigurationList;
			buildConfigurations = (
				55E6EA3F1DED14660055B1AA /* Debug */,
				55E6EA401DED14660055B1AA /* Release */,
			);
			defaultConfigurationIsVisible = 0;
		};
/* End XCConfigurationList section */
	};
	rootObject = 55E6EA241DED14660055B1AA /* Project object */;
}
